// !$*UTF8*$!
{
	archiveVersion = 1;
	classes = {
	};
	objectVersion = 46;
	objects = {

/* Begin PBXBuildFile section */
		A9EEF3B11EF825CC004CC656 /* AppDelegate.swift in Sources */ = {isa = PBXBuildFile; fileRef = A9EEF3B01EF825CC004CC656 /* AppDelegate.swift */; };
		A9EEF3B31EF825CC004CC656 /* ViewController.swift in Sources */ = {isa = PBXBuildFile; fileRef = A9EEF3B21EF825CC004CC656 /* ViewController.swift */; };
		A9EEF3B61EF825CC004CC656 /* Main.storyboard in Resources */ = {isa = PBXBuildFile; fileRef = A9EEF3B41EF825CC004CC656 /* Main.storyboard */; };
		A9EEF3B81EF825CC004CC656 /* Assets.xcassets in Resources */ = {isa = PBXBuildFile; fileRef = A9EEF3B71EF825CC004CC656 /* Assets.xcassets */; };
		A9EEF3BB1EF825CC004CC656 /* LaunchScreen.storyboard in Resources */ = {isa = PBXBuildFile; fileRef = A9EEF3B91EF825CC004CC656 /* LaunchScreen.storyboard */; };
/* End PBXBuildFile section */

/* Begin PBXFileReference section */
		A9EEF3AD1EF825CC004CC656 /* localUsuario.app */ = {isa = PBXFileReference; explicitFileType = wrapper.application; includeInIndex = 0; path = localUsuario.app; sourceTree = BUILT_PRODUCTS_DIR; };
		A9EEF3B01EF825CC004CC656 /* AppDelegate.swift */ = {isa = PBXFileReference; lastKnownFileType = sourcecode.swift; path = AppDelegate.swift; sourceTree = "<group>"; };
		A9EEF3B21EF825CC004CC656 /* ViewController.swift */ = {isa = PBXFileReference; lastKnownFileType = sourcecode.swift; path = ViewController.swift; sourceTree = "<group>"; };
		A9EEF3B51EF825CC004CC656 /* Base */ = {isa = PBXFileReference; lastKnownFileType = file.storyboard; name = Base; path = Base.lproj/Main.storyboard; sourceTree = "<group>"; };
		A9EEF3B71EF825CC004CC656 /* Assets.xcassets */ = {isa = PBXFileReference; lastKnownFileType = folder.assetcatalog; path = Assets.xcassets; sourceTree = "<group>"; };
		A9EEF3BA1EF825CC004CC656 /* Base */ = {isa = PBXFileReference; lastKnownFileType = file.storyboard; name = Base; path = Base.lproj/LaunchScreen.storyboard; sourceTree = "<group>"; };
		A9EEF3BC1EF825CC004CC656 /* Info.plist */ = {isa = PBXFileReference; lastKnownFileType = text.plist.xml; path = Info.plist; sourceTree = "<group>"; };
/* End PBXFileReference section */

/* Begin PBXFrameworksBuildPhase section */
		A9EEF3AA1EF825CC004CC656 /* Frameworks */ = {
			isa = PBXFrameworksBuildPhase;
			buildActionMask = 2147483647;
			files = (
			);
			runOnlyForDeploymentPostprocessing = 0;
		};
/* End PBXFrameworksBuildPhase section */

/* Begin PBXGroup section */
		A9EEF3A41EF825CC004CC656 = {
			isa = PBXGroup;
			children = (
				A9EEF3AF1EF825CC004CC656 /* localUsuario */,
				A9EEF3AE1EF825CC004CC656 /* Products */,
			);
			sourceTree = "<group>";
		};
		A9EEF3AE1EF825CC004CC656 /* Products */ = {
			isa = PBXGroup;
			children = (
				A9EEF3AD1EF825CC004CC656 /* localUsuario.app */,
			);
			name = Products;
			sourceTree = "<group>";
		};
		A9EEF3AF1EF825CC004CC656 /* localUsuario */ = {
			isa = PBXGroup;
			children = (
				A9EEF3B01EF825CC004CC656 /* AppDelegate.swift */,
				A9EEF3B21EF825CC004CC656 /* ViewController.swift */,
				A9EEF3B41EF825CC004CC656 /* Main.storyboard */,
				A9EEF3B71EF825CC004CC656 /* Assets.xcassets */,
				A9EEF3B91EF825CC004CC656 /* LaunchScreen.storyboard */,
				A9EEF3BC1EF825CC004CC656 /* Info.plist */,
			);
			path = localUsuario;
			sourceTree = "<group>";
		};
/* End PBXGroup section */

/* Begin PBXNativeTarget section */
		A9EEF3AC1EF825CC004CC656 /* localUsuario */ = {
			isa = PBXNativeTarget;
			buildConfigurationList = A9EEF3BF1EF825CC004CC656 /* Build configuration list for PBXNativeTarget "localUsuario" */;
			buildPhases = (
				A9EEF3A91EF825CC004CC656 /* Sources */,
				A9EEF3AA1EF825CC004CC656 /* Frameworks */,
				A9EEF3AB1EF825CC004CC656 /* Resources */,
			);
			buildRules = (
			);
			dependencies = (
			);
			name = localUsuario;
			productName = localUsuario;
			productReference = A9EEF3AD1EF825CC004CC656 /* localUsuario.app */;
			productType = "com.apple.product-type.application";
		};
/* End PBXNativeTarget section */

/* Begin PBXProject section */
		A9EEF3A51EF825CC004CC656 /* Project object */ = {
			isa = PBXProject;
			attributes = {
				LastSwiftUpdateCheck = 0830;
				LastUpgradeCheck = 0830;
				ORGANIZATIONNAME = "Adrian Camacho Soriano";
				TargetAttributes = {
					A9EEF3AC1EF825CC004CC656 = {
						CreatedOnToolsVersion = 8.3.3;
						DevelopmentTeam = GTUK5Y79U3;
						ProvisioningStyle = Automatic;
					};
				};
			};
			buildConfigurationList = A9EEF3A81EF825CC004CC656 /* Build configuration list for PBXProject "localUsuario" */;
			compatibilityVersion = "Xcode 3.2";
			developmentRegion = English;
			hasScannedForEncodings = 0;
			knownRegions = (
				en,
				Base,
			);
			mainGroup = A9EEF3A41EF825CC004CC656;
			productRefGroup = A9EEF3AE1EF825CC004CC656 /* Products */;
			projectDirPath = "";
			projectRoot = "";
			targets = (
				A9EEF3AC1EF825CC004CC656 /* localUsuario */,
			);
		};
/* End PBXProject section */

/* Begin PBXResourcesBuildPhase section */
		A9EEF3AB1EF825CC004CC656 /* Resources */ = {
			isa = PBXResourcesBuildPhase;
			buildActionMask = 2147483647;
			files = (
				A9EEF3BB1EF825CC004CC656 /* LaunchScreen.storyboard in Resources */,
				A9EEF3B81EF825CC004CC656 /* Assets.xcassets in Resources */,
				A9EEF3B61EF825CC004CC656 /* Main.storyboard in Resources */,
			);
			runOnlyForDeploymentPostprocessing = 0;
		};
/* End PBXResourcesBuildPhase section */

/* Begin PBXSourcesBuildPhase section */
		A9EEF3A91EF825CC004CC656 /* Sources */ = {
			isa = PBXSourcesBuildPhase;
			buildActionMask = 2147483647;
			files = (
				A9EEF3B31EF825CC004CC656 /* ViewController.swift in Sources */,
				A9EEF3B11EF825CC004CC656 /* AppDelegate.swift in Sources */,
			);
			runOnlyForDeploymentPostprocessing = 0;
		};
/* End PBXSourcesBuildPhase section */

/* Begin PBXVariantGroup section */
		A9EEF3B41EF825CC004CC656 /* Main.storyboard */ = {
			isa = PBXVariantGroup;
			children = (
				A9EEF3B51EF825CC004CC656 /* Base */,
			);
			name = Main.storyboard;
			sourceTree = "<group>";
		};
		A9EEF3B91EF825CC004CC656 /* LaunchScreen.storyboard */ = {
			isa = PBXVariantGroup;
			children = (
				A9EEF3BA1EF825CC004CC656 /* Base */,
			);
			name = LaunchScreen.storyboard;
			sourceTree = "<group>";
		};
/* End PBXVariantGroup section */

/* Begin XCBuildConfiguration section */
		A9EEF3BD1EF825CC004CC656 /* Debug */ = {
			isa = XCBuildConfiguration;
			buildSettings = {
				ALWAYS_SEARCH_USER_PATHS = NO;
				CLANG_ANALYZER_NONNULL = YES;
				CLANG_ANALYZER_NUMBER_OBJECT_CONVERSION = YES_AGGRESSIVE;
				CLANG_CXX_LANGUAGE_STANDARD = "gnu++0x";
				CLANG_CXX_LIBRARY = "libc++";
				CLANG_ENABLE_MODULES = YES;
				CLANG_ENABLE_OBJC_ARC = YES;
				CLANG_WARN_BOOL_CONVERSION = YES;
				CLANG_WARN_CONSTANT_CONVERSION = YES;
				CLANG_WARN_DIRECT_OBJC_ISA_USAGE = YES_ERROR;
				CLANG_WARN_DOCUMENTATION_COMMENTS = YES;
				CLANG_WARN_EMPTY_BODY = YES;
				CLANG_WARN_ENUM_CONVERSION = YES;
				CLANG_WARN_INFINITE_RECURSION = YES;
				CLANG_WARN_INT_CONVERSION = YES;
				CLANG_WARN_OBJC_ROOT_CLASS = YES_ERROR;
				CLANG_WARN_SUSPICIOUS_MOVE = YES;
				CLANG_WARN_UNREACHABLE_CODE = YES;
				CLANG_WARN__DUPLICATE_METHOD_MATCH = YES;
				"CODE_SIGN_IDENTITY[sdk=iphoneos*]" = "iPhone Developer";
				COPY_PHASE_STRIP = NO;
				DEBUG_INFORMATION_FORMAT = dwarf;
				ENABLE_STRICT_OBJC_MSGSEND = YES;
				ENABLE_TESTABILITY = YES;
				GCC_C_LANGUAGE_STANDARD = gnu99;
				GCC_DYNAMIC_NO_PIC = NO;
				GCC_NO_COMMON_BLOCKS = YES;
				GCC_OPTIMIZATION_LEVEL = 0;
				GCC_PREPROCESSOR_DEFINITIONS = (
					"DEBUG=1",
					"$(inherited)",
				);
				GCC_WARN_64_TO_32_BIT_CONVERSION = YES;
				GCC_WARN_ABOUT_RETURN_TYPE = YES_ERROR;
				GCC_WARN_UNDECLARED_SELECTOR = YES;
				GCC_WARN_UNINITIALIZED_AUTOS = YES_AGGRESSIVE;
				GCC_WARN_UNUSED_FUNCTION = YES;
				GCC_WARN_UNUSED_VARIABLE = YES;
				IPHONEOS_DEPLOYMENT_TARGET = 10.3;
				MTL_ENABLE_DEBUG_INFO = YES;
				ONLY_ACTIVE_ARCH = YES;
				SDKROOT = iphoneos;
				SWIFT_ACTIVE_COMPILATION_CONDITIONS = DEBUG;
				SWIFT_OPTIMIZATION_LEVEL = "-Onone";
			};
			name = Debug;
		};
		A9EEF3BE1EF825CC004CC656 /* Release */ = {
			isa = XCBuildConfiguration;
			buildSettings = {
				ALWAYS_SEARCH_USER_PATHS = NO;
				CLANG_ANALYZER_NONNULL = YES;
				CLANG_ANALYZER_NUMBER_OBJECT_CONVERSION = YES_AGGRESSIVE;
				CLANG_CXX_LANGUAGE_STANDARD = "gnu++0x";
				CLANG_CXX_LIBRARY = "libc++";
				CLANG_ENABLE_MODULES = YES;
				CLANG_ENABLE_OBJC_ARC = YES;
				CLANG_WARN_BOOL_CONVERSION = YES;
				CLANG_WARN_CONSTANT_CONVERSION = YES;
				CLANG_WARN_DIRECT_OBJC_ISA_USAGE = YES_ERROR;
				CLANG_WARN_DOCUMENTATION_COMMENTS = YES;
				CLANG_WARN_EMPTY_BODY = YES;
				CLANG_WARN_ENUM_CONVERSION = YES;
				CLANG_WARN_INFINITE_RECURSION = YES;
				CLANG_WARN_INT_CONVERSION = YES;
				CLANG_WARN_OBJC_ROOT_CLASS = YES_ERROR;
				CLANG_WARN_SUSPICIOUS_MOVE = YES;
				CLANG_WARN_UNREACHABLE_CODE = YES;
				CLANG_WARN__DUPLICATE_METHOD_MATCH = YES;
				"CODE_SIGN_IDENTITY[sdk=iphoneos*]" = "iPhone Developer";
				COPY_PHASE_STRIP = NO;
				DEBUG_INFORMATION_FORMAT = "dwarf-with-dsym";
				ENABLE_NS_ASSERTIONS = NO;
				ENABLE_STRICT_OBJC_MSGSEND = YES;
				GCC_C_LANGUAGE_STANDARD = gnu99;
				GCC_NO_COMMON_BLOCKS = YES;
				GCC_WARN_64_TO_32_BIT_CONVERSION = YES;
				GCC_WARN_ABOUT_RETURN_TYPE = YES_ERROR;
				GCC_WARN_UNDECLARED_SELECTOR = YES;
				GCC_WARN_UNINITIALIZED_AUTOS = YES_AGGRESSIVE;
				GCC_WARN_UNUSED_FUNCTION = YES;
				GCC_WARN_UNUSED_VARIABLE = YES;
				IPHONEOS_DEPLOYMENT_TARGET = 10.3;
				MTL_ENABLE_DEBUG_INFO = NO;
				SDKROOT = iphoneos;
				SWIFT_OPTIMIZATION_LEVEL = "-Owholemodule";
				VALIDATE_PRODUCT = YES;
			};
			name = Release;
		};
		A9EEF3C01EF825CC004CC656 /* Debug */ = {
			isa = XCBuildConfiguration;
			buildSettings = {
				ASSETCATALOG_COMPILER_APPICON_NAME = AppIcon;
				DEVELOPMENT_TEAM = GTUK5Y79U3;
				INFOPLIST_FILE = localUsuario/Info.plist;
				LD_RUNPATH_SEARCH_PATHS = "$(inherited) @executable_path/Frameworks";
				PRODUCT_BUNDLE_IDENTIFIER = com.acaso.localUsuario;
				PRODUCT_NAME = "$(TARGET_NAME)";
				SWIFT_VERSION = 3.0;
			};
			name = Debug;
		};
		A9EEF3C11EF825CC004CC656 /* Release */ = {
			isa = XCBuildConfiguration;
			buildSettings = {
				ASSETCATALOG_COMPILER_APPICON_NAME = AppIcon;
				DEVELOPMENT_TEAM = GTUK5Y79U3;
				INFOPLIST_FILE = localUsuario/Info.plist;
				LD_RUNPATH_SEARCH_PATHS = "$(inherited) @executable_path/Frameworks";
				PRODUCT_BUNDLE_IDENTIFIER = com.acaso.localUsuario;
				PRODUCT_NAME = "$(TARGET_NAME)";
				SWIFT_VERSION = 3.0;
			};
			name = Release;
		};
/* End XCBuildConfiguration section */

/* Begin XCConfigurationList section */
		A9EEF3A81EF825CC004CC656 /* Build configuration list for PBXProject "localUsuario" */ = {
			isa = XCConfigurationList;
			buildConfigurations = (
				A9EEF3BD1EF825CC004CC656 /* Debug */,
				A9EEF3BE1EF825CC004CC656 /* Release */,
			);
			defaultConfigurationIsVisible = 0;
			defaultConfigurationName = Release;
		};
		A9EEF3BF1EF825CC004CC656 /* Build configuration list for PBXNativeTarget "localUsuario" */ = {
			isa = XCConfigurationList;
			buildConfigurations = (
				A9EEF3C01EF825CC004CC656 /* Debug */,
				A9EEF3C11EF825CC004CC656 /* Release */,
			);
			defaultConfigurationIsVisible = 0;
		};
/* End XCConfigurationList section */
	};
	rootObject = A9EEF3A51EF825CC004CC656 /* Project object */;
}
